// !$*UTF8*$!
{
	archiveVersion = 1;
	classes = {
	};
	objectVersion = 50;
	objects = {

/* Begin PBXBuildFile section */
		B6748E492579BB5F00A8C4B9 /* sample.png in Resources */ = {isa = PBXBuildFile; fileRef = B6748E482579BB5F00A8C4B9 /* sample.png */; };
		B69531C42569DCF500D9A028 /* README.md in Resources */ = {isa = PBXBuildFile; fileRef = B69531C32569DCF500D9A028 /* README.md */; };
		B6DDD73125628E7B00E5F633 /* Question.swift in Sources */ = {isa = PBXBuildFile; fileRef = B6DDD73025628E7B00E5F633 /* Question.swift */; };
		B6DDD74C2566305300E5F633 /* TextQuestionViewModel.swift in Sources */ = {isa = PBXBuildFile; fileRef = B6DDD74B2566305300E5F633 /* TextQuestionViewModel.swift */; };
		B6DDD7542566307100E5F633 /* CheckboxQuestionViewModel.swift in Sources */ = {isa = PBXBuildFile; fileRef = B6DDD7532566307100E5F633 /* CheckboxQuestionViewModel.swift */; };
		B6DDD7592566308500E5F633 /* RadioQuestionViewModel.swift in Sources */ = {isa = PBXBuildFile; fileRef = B6DDD7582566308500E5F633 /* RadioQuestionViewModel.swift */; };
		B6F7302625621A11009FA597 /* QuestionApp.swift in Sources */ = {isa = PBXBuildFile; fileRef = B6F7302525621A11009FA597 /* QuestionApp.swift */; };
		B6F7302825621A11009FA597 /* ContentView.swift in Sources */ = {isa = PBXBuildFile; fileRef = B6F7302725621A11009FA597 /* ContentView.swift */; };
		B6F7302A25621A12009FA597 /* Assets.xcassets in Resources */ = {isa = PBXBuildFile; fileRef = B6F7302925621A12009FA597 /* Assets.xcassets */; };
		B6F7302D25621A12009FA597 /* Preview Assets.xcassets in Resources */ = {isa = PBXBuildFile; fileRef = B6F7302C25621A12009FA597 /* Preview Assets.xcassets */; };
		B6F7303825621A12009FA597 /* QuestionTests.swift in Sources */ = {isa = PBXBuildFile; fileRef = B6F7303725621A12009FA597 /* QuestionTests.swift */; };
		B6F7304325621A12009FA597 /* QuestionUITests.swift in Sources */ = {isa = PBXBuildFile; fileRef = B6F7304225621A12009FA597 /* QuestionUITests.swift */; };
		B6F7305425621A2E009FA597 /* QuestionView.swift in Sources */ = {isa = PBXBuildFile; fileRef = B6F7305325621A2E009FA597 /* QuestionView.swift */; };
/* End PBXBuildFile section */

/* Begin PBXContainerItemProxy section */
		B6F7303425621A12009FA597 /* PBXContainerItemProxy */ = {
			isa = PBXContainerItemProxy;
			containerPortal = B6F7301A25621A11009FA597 /* Project object */;
			proxyType = 1;
			remoteGlobalIDString = B6F7302125621A11009FA597;
			remoteInfo = Question;
		};
		B6F7303F25621A12009FA597 /* PBXContainerItemProxy */ = {
			isa = PBXContainerItemProxy;
			containerPortal = B6F7301A25621A11009FA597 /* Project object */;
			proxyType = 1;
			remoteGlobalIDString = B6F7302125621A11009FA597;
			remoteInfo = Question;
		};
/* End PBXContainerItemProxy section */

/* Begin PBXFileReference section */
		B6748E482579BB5F00A8C4B9 /* sample.png */ = {isa = PBXFileReference; lastKnownFileType = image.png; path = sample.png; sourceTree = "<group>"; };
		B69531C32569DCF500D9A028 /* README.md */ = {isa = PBXFileReference; fileEncoding = 4; lastKnownFileType = net.daringfireball.markdown; path = README.md; sourceTree = "<group>"; };
		B6DDD73025628E7B00E5F633 /* Question.swift */ = {isa = PBXFileReference; lastKnownFileType = sourcecode.swift; path = Question.swift; sourceTree = "<group>"; };
		B6DDD74B2566305300E5F633 /* TextQuestionViewModel.swift */ = {isa = PBXFileReference; lastKnownFileType = sourcecode.swift; path = TextQuestionViewModel.swift; sourceTree = "<group>"; };
		B6DDD7532566307100E5F633 /* CheckboxQuestionViewModel.swift */ = {isa = PBXFileReference; lastKnownFileType = sourcecode.swift; path = CheckboxQuestionViewModel.swift; sourceTree = "<group>"; };
		B6DDD7582566308500E5F633 /* RadioQuestionViewModel.swift */ = {isa = PBXFileReference; lastKnownFileType = sourcecode.swift; path = RadioQuestionViewModel.swift; sourceTree = "<group>"; };
		B6F7302225621A11009FA597 /* Question.app */ = {isa = PBXFileReference; explicitFileType = wrapper.application; includeInIndex = 0; path = Question.app; sourceTree = BUILT_PRODUCTS_DIR; };
		B6F7302525621A11009FA597 /* QuestionApp.swift */ = {isa = PBXFileReference; lastKnownFileType = sourcecode.swift; path = QuestionApp.swift; sourceTree = "<group>"; };
		B6F7302725621A11009FA597 /* ContentView.swift */ = {isa = PBXFileReference; lastKnownFileType = sourcecode.swift; path = ContentView.swift; sourceTree = "<group>"; };
		B6F7302925621A12009FA597 /* Assets.xcassets */ = {isa = PBXFileReference; lastKnownFileType = folder.assetcatalog; path = Assets.xcassets; sourceTree = "<group>"; };
		B6F7302C25621A12009FA597 /* Preview Assets.xcassets */ = {isa = PBXFileReference; lastKnownFileType = folder.assetcatalog; path = "Preview Assets.xcassets"; sourceTree = "<group>"; };
		B6F7302E25621A12009FA597 /* Info.plist */ = {isa = PBXFileReference; lastKnownFileType = text.plist.xml; path = Info.plist; sourceTree = "<group>"; };
		B6F7303325621A12009FA597 /* QuestionTests.xctest */ = {isa = PBXFileReference; explicitFileType = wrapper.cfbundle; includeInIndex = 0; path = QuestionTests.xctest; sourceTree = BUILT_PRODUCTS_DIR; };
		B6F7303725621A12009FA597 /* QuestionTests.swift */ = {isa = PBXFileReference; lastKnownFileType = sourcecode.swift; path = QuestionTests.swift; sourceTree = "<group>"; };
		B6F7303925621A12009FA597 /* Info.plist */ = {isa = PBXFileReference; lastKnownFileType = text.plist.xml; path = Info.plist; sourceTree = "<group>"; };
		B6F7303E25621A12009FA597 /* QuestionUITests.xctest */ = {isa = PBXFileReference; explicitFileType = wrapper.cfbundle; includeInIndex = 0; path = QuestionUITests.xctest; sourceTree = BUILT_PRODUCTS_DIR; };
		B6F7304225621A12009FA597 /* QuestionUITests.swift */ = {isa = PBXFileReference; lastKnownFileType = sourcecode.swift; path = QuestionUITests.swift; sourceTree = "<group>"; };
		B6F7304425621A12009FA597 /* Info.plist */ = {isa = PBXFileReference; lastKnownFileType = text.plist.xml; path = Info.plist; sourceTree = "<group>"; };
		B6F7305325621A2E009FA597 /* QuestionView.swift */ = {isa = PBXFileReference; lastKnownFileType = sourcecode.swift; path = QuestionView.swift; sourceTree = "<group>"; };
/* End PBXFileReference section */

/* Begin PBXFrameworksBuildPhase section */
		B6F7301F25621A11009FA597 /* Frameworks */ = {
			isa = PBXFrameworksBuildPhase;
			buildActionMask = 2147483647;
			files = (
			);
			runOnlyForDeploymentPostprocessing = 0;
		};
		B6F7303025621A12009FA597 /* Frameworks */ = {
			isa = PBXFrameworksBuildPhase;
			buildActionMask = 2147483647;
			files = (
			);
			runOnlyForDeploymentPostprocessing = 0;
		};
		B6F7303B25621A12009FA597 /* Frameworks */ = {
			isa = PBXFrameworksBuildPhase;
			buildActionMask = 2147483647;
			files = (
			);
			runOnlyForDeploymentPostprocessing = 0;
		};
/* End PBXFrameworksBuildPhase section */

/* Begin PBXGroup section */
		B69531C82569E54E00D9A028 /* images */ = {
			isa = PBXGroup;
			children = (
				B6748E482579BB5F00A8C4B9 /* sample.png */,
			);
			path = images;
			sourceTree = "<group>";
		};
		B6DDD74A2566303000E5F633 /* ViewModel */ = {
			isa = PBXGroup;
			children = (
				B6DDD74B2566305300E5F633 /* TextQuestionViewModel.swift */,
				B6DDD7532566307100E5F633 /* CheckboxQuestionViewModel.swift */,
				B6DDD7582566308500E5F633 /* RadioQuestionViewModel.swift */,
			);
			path = ViewModel;
			sourceTree = "<group>";
		};
		B6F7301925621A11009FA597 = {
			isa = PBXGroup;
			children = (
				B69531C32569DCF500D9A028 /* README.md */,
				B69531C82569E54E00D9A028 /* images */,
				B6F7302425621A11009FA597 /* Question */,
				B6F7303625621A12009FA597 /* QuestionTests */,
				B6F7304125621A12009FA597 /* QuestionUITests */,
				B6F7302325621A11009FA597 /* Products */,
			);
			sourceTree = "<group>";
		};
		B6F7302325621A11009FA597 /* Products */ = {
			isa = PBXGroup;
			children = (
				B6F7302225621A11009FA597 /* Question.app */,
				B6F7303325621A12009FA597 /* QuestionTests.xctest */,
				B6F7303E25621A12009FA597 /* QuestionUITests.xctest */,
			);
			name = Products;
			sourceTree = "<group>";
		};
		B6F7302425621A11009FA597 /* Question */ = {
			isa = PBXGroup;
			children = (
				B6F7302525621A11009FA597 /* QuestionApp.swift */,
				B6F7302725621A11009FA597 /* ContentView.swift */,
				B6F7305325621A2E009FA597 /* QuestionView.swift */,
				B6DDD74A2566303000E5F633 /* ViewModel */,
				B6DDD73025628E7B00E5F633 /* Question.swift */,
				B6F7302925621A12009FA597 /* Assets.xcassets */,
				B6F7302E25621A12009FA597 /* Info.plist */,
				B6F7302B25621A12009FA597 /* Preview Content */,
			);
			path = Question;
			sourceTree = "<group>";
		};
		B6F7302B25621A12009FA597 /* Preview Content */ = {
			isa = PBXGroup;
			children = (
				B6F7302C25621A12009FA597 /* Preview Assets.xcassets */,
			);
			path = "Preview Content";
			sourceTree = "<group>";
		};
		B6F7303625621A12009FA597 /* QuestionTests */ = {
			isa = PBXGroup;
			children = (
				B6F7303725621A12009FA597 /* QuestionTests.swift */,
				B6F7303925621A12009FA597 /* Info.plist */,
			);
			path = QuestionTests;
			sourceTree = "<group>";
		};
		B6F7304125621A12009FA597 /* QuestionUITests */ = {
			isa = PBXGroup;
			children = (
				B6F7304225621A12009FA597 /* QuestionUITests.swift */,
				B6F7304425621A12009FA597 /* Info.plist */,
			);
			path = QuestionUITests;
			sourceTree = "<group>";
		};
/* End PBXGroup section */

/* Begin PBXNativeTarget section */
		B6F7302125621A11009FA597 /* Question */ = {
			isa = PBXNativeTarget;
			buildConfigurationList = B6F7304725621A12009FA597 /* Build configuration list for PBXNativeTarget "Question" */;
			buildPhases = (
				B6F7301E25621A11009FA597 /* Sources */,
				B6F7301F25621A11009FA597 /* Frameworks */,
				B6F7302025621A11009FA597 /* Resources */,
			);
			buildRules = (
			);
			dependencies = (
			);
			name = Question;
			productName = Question;
			productReference = B6F7302225621A11009FA597 /* Question.app */;
			productType = "com.apple.product-type.application";
		};
		B6F7303225621A12009FA597 /* QuestionTests */ = {
			isa = PBXNativeTarget;
			buildConfigurationList = B6F7304A25621A12009FA597 /* Build configuration list for PBXNativeTarget "QuestionTests" */;
			buildPhases = (
				B6F7302F25621A12009FA597 /* Sources */,
				B6F7303025621A12009FA597 /* Frameworks */,
				B6F7303125621A12009FA597 /* Resources */,
			);
			buildRules = (
			);
			dependencies = (
				B6F7303525621A12009FA597 /* PBXTargetDependency */,
			);
			name = QuestionTests;
			productName = QuestionTests;
			productReference = B6F7303325621A12009FA597 /* QuestionTests.xctest */;
			productType = "com.apple.product-type.bundle.unit-test";
		};
		B6F7303D25621A12009FA597 /* QuestionUITests */ = {
			isa = PBXNativeTarget;
			buildConfigurationList = B6F7304D25621A12009FA597 /* Build configuration list for PBXNativeTarget "QuestionUITests" */;
			buildPhases = (
				B6F7303A25621A12009FA597 /* Sources */,
				B6F7303B25621A12009FA597 /* Frameworks */,
				B6F7303C25621A12009FA597 /* Resources */,
			);
			buildRules = (
			);
			dependencies = (
				B6F7304025621A12009FA597 /* PBXTargetDependency */,
			);
			name = QuestionUITests;
			productName = QuestionUITests;
			productReference = B6F7303E25621A12009FA597 /* QuestionUITests.xctest */;
			productType = "com.apple.product-type.bundle.ui-testing";
		};
/* End PBXNativeTarget section */

/* Begin PBXProject section */
		B6F7301A25621A11009FA597 /* Project object */ = {
			isa = PBXProject;
			attributes = {
				LastSwiftUpdateCheck = 1220;
				LastUpgradeCheck = 1220;
				TargetAttributes = {
					B6F7302125621A11009FA597 = {
						CreatedOnToolsVersion = 12.2;
					};
					B6F7303225621A12009FA597 = {
						CreatedOnToolsVersion = 12.2;
						TestTargetID = B6F7302125621A11009FA597;
					};
					B6F7303D25621A12009FA597 = {
						CreatedOnToolsVersion = 12.2;
						TestTargetID = B6F7302125621A11009FA597;
					};
				};
			};
			buildConfigurationList = B6F7301D25621A11009FA597 /* Build configuration list for PBXProject "Question" */;
			compatibilityVersion = "Xcode 9.3";
			developmentRegion = en;
			hasScannedForEncodings = 0;
			knownRegions = (
				en,
				Base,
			);
			mainGroup = B6F7301925621A11009FA597;
			productRefGroup = B6F7302325621A11009FA597 /* Products */;
			projectDirPath = "";
			projectRoot = "";
			targets = (
				B6F7302125621A11009FA597 /* Question */,
				B6F7303225621A12009FA597 /* QuestionTests */,
				B6F7303D25621A12009FA597 /* QuestionUITests */,
			);
		};
/* End PBXProject section */

/* Begin PBXResourcesBuildPhase section */
		B6F7302025621A11009FA597 /* Resources */ = {
			isa = PBXResourcesBuildPhase;
			buildActionMask = 2147483647;
			files = (
				B69531C42569DCF500D9A028 /* README.md in Resources */,
				B6748E492579BB5F00A8C4B9 /* sample.png in Resources */,
				B6F7302D25621A12009FA597 /* Preview Assets.xcassets in Resources */,
				B6F7302A25621A12009FA597 /* Assets.xcassets in Resources */,
			);
			runOnlyForDeploymentPostprocessing = 0;
		};
		B6F7303125621A12009FA597 /* Resources */ = {
			isa = PBXResourcesBuildPhase;
			buildActionMask = 2147483647;
			files = (
			);
			runOnlyForDeploymentPostprocessing = 0;
		};
		B6F7303C25621A12009FA597 /* Resources */ = {
			isa = PBXResourcesBuildPhase;
			buildActionMask = 2147483647;
			files = (
			);
			runOnlyForDeploymentPostprocessing = 0;
		};
/* End PBXResourcesBuildPhase section */

/* Begin PBXSourcesBuildPhase section */
		B6F7301E25621A11009FA597 /* Sources */ = {
			isa = PBXSourcesBuildPhase;
			buildActionMask = 2147483647;
			files = (
				B6F7302825621A11009FA597 /* ContentView.swift in Sources */,
				B6DDD73125628E7B00E5F633 /* Question.swift in Sources */,
				B6DDD74C2566305300E5F633 /* TextQuestionViewModel.swift in Sources */,
				B6DDD7592566308500E5F633 /* RadioQuestionViewModel.swift in Sources */,
				B6DDD7542566307100E5F633 /* CheckboxQuestionViewModel.swift in Sources */,
				B6F7305425621A2E009FA597 /* QuestionView.swift in Sources */,
				B6F7302625621A11009FA597 /* QuestionApp.swift in Sources */,
			);
			runOnlyForDeploymentPostprocessing = 0;
		};
		B6F7302F25621A12009FA597 /* Sources */ = {
			isa = PBXSourcesBuildPhase;
			buildActionMask = 2147483647;
			files = (
				B6F7303825621A12009FA597 /* QuestionTests.swift in Sources */,
			);
			runOnlyForDeploymentPostprocessing = 0;
		};
		B6F7303A25621A12009FA597 /* Sources */ = {
			isa = PBXSourcesBuildPhase;
			buildActionMask = 2147483647;
			files = (
				B6F7304325621A12009FA597 /* QuestionUITests.swift in Sources */,
			);
			runOnlyForDeploymentPostprocessing = 0;
		};
/* End PBXSourcesBuildPhase section */

/* Begin PBXTargetDependency section */
		B6F7303525621A12009FA597 /* PBXTargetDependency */ = {
			isa = PBXTargetDependency;
			target = B6F7302125621A11009FA597 /* Question */;
			targetProxy = B6F7303425621A12009FA597 /* PBXContainerItemProxy */;
		};
		B6F7304025621A12009FA597 /* PBXTargetDependency */ = {
			isa = PBXTargetDependency;
			target = B6F7302125621A11009FA597 /* Question */;
			targetProxy = B6F7303F25621A12009FA597 /* PBXContainerItemProxy */;
		};
/* End PBXTargetDependency section */

/* Begin XCBuildConfiguration section */
		B6F7304525621A12009FA597 /* Debug */ = {
			isa = XCBuildConfiguration;
			buildSettings = {
				ALWAYS_SEARCH_USER_PATHS = NO;
				CLANG_ANALYZER_NONNULL = YES;
				CLANG_ANALYZER_NUMBER_OBJECT_CONVERSION = YES_AGGRESSIVE;
				CLANG_CXX_LANGUAGE_STANDARD = "gnu++14";
				CLANG_CXX_LIBRARY = "libc++";
				CLANG_ENABLE_MODULES = YES;
				CLANG_ENABLE_OBJC_ARC = YES;
				CLANG_ENABLE_OBJC_WEAK = YES;
				CLANG_WARN_BLOCK_CAPTURE_AUTORELEASING = YES;
				CLANG_WARN_BOOL_CONVERSION = YES;
				CLANG_WARN_COMMA = YES;
				CLANG_WARN_CONSTANT_CONVERSION = YES;
				CLANG_WARN_DEPRECATED_OBJC_IMPLEMENTATIONS = YES;
				CLANG_WARN_DIRECT_OBJC_ISA_USAGE = YES_ERROR;
				CLANG_WARN_DOCUMENTATION_COMMENTS = YES;
				CLANG_WARN_EMPTY_BODY = YES;
				CLANG_WARN_ENUM_CONVERSION = YES;
				CLANG_WARN_INFINITE_RECURSION = YES;
				CLANG_WARN_INT_CONVERSION = YES;
				CLANG_WARN_NON_LITERAL_NULL_CONVERSION = YES;
				CLANG_WARN_OBJC_IMPLICIT_RETAIN_SELF = YES;
				CLANG_WARN_OBJC_LITERAL_CONVERSION = YES;
				CLANG_WARN_OBJC_ROOT_CLASS = YES_ERROR;
				CLANG_WARN_QUOTED_INCLUDE_IN_FRAMEWORK_HEADER = YES;
				CLANG_WARN_RANGE_LOOP_ANALYSIS = YES;
				CLANG_WARN_STRICT_PROTOTYPES = YES;
				CLANG_WARN_SUSPICIOUS_MOVE = YES;
				CLANG_WARN_UNGUARDED_AVAILABILITY = YES_AGGRESSIVE;
				CLANG_WARN_UNREACHABLE_CODE = YES;
				CLANG_WARN__DUPLICATE_METHOD_MATCH = YES;
				COPY_PHASE_STRIP = NO;
				DEBUG_INFORMATION_FORMAT = dwarf;
				ENABLE_STRICT_OBJC_MSGSEND = YES;
				ENABLE_TESTABILITY = YES;
				GCC_C_LANGUAGE_STANDARD = gnu11;
				GCC_DYNAMIC_NO_PIC = NO;
				GCC_NO_COMMON_BLOCKS = YES;
				GCC_OPTIMIZATION_LEVEL = 0;
				GCC_PREPROCESSOR_DEFINITIONS = (
					"DEBUG=1",
					"$(inherited)",
				);
				GCC_WARN_64_TO_32_BIT_CONVERSION = YES;
				GCC_WARN_ABOUT_RETURN_TYPE = YES_ERROR;
				GCC_WARN_UNDECLARED_SELECTOR = YES;
				GCC_WARN_UNINITIALIZED_AUTOS = YES_AGGRESSIVE;
				GCC_WARN_UNUSED_FUNCTION = YES;
				GCC_WARN_UNUSED_VARIABLE = YES;
				IPHONEOS_DEPLOYMENT_TARGET = 14.2;
				MTL_ENABLE_DEBUG_INFO = INCLUDE_SOURCE;
				MTL_FAST_MATH = YES;
				ONLY_ACTIVE_ARCH = YES;
				SDKROOT = iphoneos;
				SWIFT_ACTIVE_COMPILATION_CONDITIONS = DEBUG;
				SWIFT_OPTIMIZATION_LEVEL = "-Onone";
			};
			name = Debug;
		};
		B6F7304625621A12009FA597 /* Release */ = {
			isa = XCBuildConfiguration;
			buildSettings = {
				ALWAYS_SEARCH_USER_PATHS = NO;
				CLANG_ANALYZER_NONNULL = YES;
				CLANG_ANALYZER_NUMBER_OBJECT_CONVERSION = YES_AGGRESSIVE;
				CLANG_CXX_LANGUAGE_STANDARD = "gnu++14";
				CLANG_CXX_LIBRARY = "libc++";
				CLANG_ENABLE_MODULES = YES;
				CLANG_ENABLE_OBJC_ARC = YES;
				CLANG_ENABLE_OBJC_WEAK = YES;
				CLANG_WARN_BLOCK_CAPTURE_AUTORELEASING = YES;
				CLANG_WARN_BOOL_CONVERSION = YES;
				CLANG_WARN_COMMA = YES;
				CLANG_WARN_CONSTANT_CONVERSION = YES;
				CLANG_WARN_DEPRECATED_OBJC_IMPLEMENTATIONS = YES;
				CLANG_WARN_DIRECT_OBJC_ISA_USAGE = YES_ERROR;
				CLANG_WARN_DOCUMENTATION_COMMENTS = YES;
				CLANG_WARN_EMPTY_BODY = YES;
				CLANG_WARN_ENUM_CONVERSION = YES;
				CLANG_WARN_INFINITE_RECURSION = YES;
				CLANG_WARN_INT_CONVERSION = YES;
				CLANG_WARN_NON_LITERAL_NULL_CONVERSION = YES;
				CLANG_WARN_OBJC_IMPLICIT_RETAIN_SELF = YES;
				CLANG_WARN_OBJC_LITERAL_CONVERSION = YES;
				CLANG_WARN_OBJC_ROOT_CLASS = YES_ERROR;
				CLANG_WARN_QUOTED_INCLUDE_IN_FRAMEWORK_HEADER = YES;
				CLANG_WARN_RANGE_LOOP_ANALYSIS = YES;
				CLANG_WARN_STRICT_PROTOTYPES = YES;
				CLANG_WARN_SUSPICIOUS_MOVE = YES;
				CLANG_WARN_UNGUARDED_AVAILABILITY = YES_AGGRESSIVE;
				CLANG_WARN_UNREACHABLE_CODE = YES;
				CLANG_WARN__DUPLICATE_METHOD_MATCH = YES;
				COPY_PHASE_STRIP = NO;
				DEBUG_INFORMATION_FORMAT = "dwarf-with-dsym";
				ENABLE_NS_ASSERTIONS = NO;
				ENABLE_STRICT_OBJC_MSGSEND = YES;
				GCC_C_LANGUAGE_STANDARD = gnu11;
				GCC_NO_COMMON_BLOCKS = YES;
				GCC_WARN_64_TO_32_BIT_CONVERSION = YES;
				GCC_WARN_ABOUT_RETURN_TYPE = YES_ERROR;
				GCC_WARN_UNDECLARED_SELECTOR = YES;
				GCC_WARN_UNINITIALIZED_AUTOS = YES_AGGRESSIVE;
				GCC_WARN_UNUSED_FUNCTION = YES;
				GCC_WARN_UNUSED_VARIABLE = YES;
				IPHONEOS_DEPLOYMENT_TARGET = 14.2;
				MTL_ENABLE_DEBUG_INFO = NO;
				MTL_FAST_MATH = YES;
				SDKROOT = iphoneos;
				SWIFT_COMPILATION_MODE = wholemodule;
				SWIFT_OPTIMIZATION_LEVEL = "-O";
				VALIDATE_PRODUCT = YES;
			};
			name = Release;
		};
		B6F7304825621A12009FA597 /* Debug */ = {
			isa = XCBuildConfiguration;
			buildSettings = {
				ASSETCATALOG_COMPILER_APPICON_NAME = AppIcon;
				ASSETCATALOG_COMPILER_GLOBAL_ACCENT_COLOR_NAME = AccentColor;
				CODE_SIGN_STYLE = Automatic;
				DEVELOPMENT_ASSET_PATHS = "\"Question/Preview Content\"";
				DEVELOPMENT_TEAM = 8ER86CP2SB;
				ENABLE_PREVIEWS = YES;
				INFOPLIST_FILE = Question/Info.plist;
				IPHONEOS_DEPLOYMENT_TARGET = 14.0;
				LD_RUNPATH_SEARCH_PATHS = (
					"$(inherited)",
					"@executable_path/Frameworks",
				);
				PRODUCT_BUNDLE_IDENTIFIER = dev.hira22.sample.Question;
				PRODUCT_NAME = "$(TARGET_NAME)";
				SWIFT_VERSION = 5.0;
				TARGETED_DEVICE_FAMILY = "1,2";
			};
			name = Debug;
		};
		B6F7304925621A12009FA597 /* Release */ = {
			isa = XCBuildConfiguration;
			buildSettings = {
				ASSETCATALOG_COMPILER_APPICON_NAME = AppIcon;
				ASSETCATALOG_COMPILER_GLOBAL_ACCENT_COLOR_NAME = AccentColor;
				CODE_SIGN_STYLE = Automatic;
				DEVELOPMENT_ASSET_PATHS = "\"Question/Preview Content\"";
				DEVELOPMENT_TEAM = 8ER86CP2SB;
				ENABLE_PREVIEWS = YES;
				INFOPLIST_FILE = Question/Info.plist;
				IPHONEOS_DEPLOYMENT_TARGET = 14.0;
				LD_RUNPATH_SEARCH_PATHS = (
					"$(inherited)",
					"@executable_path/Frameworks",
				);
				PRODUCT_BUNDLE_IDENTIFIER = dev.hira22.sample.Question;
				PRODUCT_NAME = "$(TARGET_NAME)";
				SWIFT_VERSION = 5.0;
				TARGETED_DEVICE_FAMILY = "1,2";
			};
			name = Release;
		};
		B6F7304B25621A12009FA597 /* Debug */ = {
			isa = XCBuildConfiguration;
			buildSettings = {
				ALWAYS_EMBED_SWIFT_STANDARD_LIBRARIES = YES;
				BUNDLE_LOADER = "$(TEST_HOST)";
				CODE_SIGN_STYLE = Automatic;
				DEVELOPMENT_TEAM = 8ER86CP2SB;
				INFOPLIST_FILE = QuestionTests/Info.plist;
				IPHONEOS_DEPLOYMENT_TARGET = 14.0;
				LD_RUNPATH_SEARCH_PATHS = (
					"$(inherited)",
					"@executable_path/Frameworks",
					"@loader_path/Frameworks",
				);
				PRODUCT_BUNDLE_IDENTIFIER = dev.hira22.sample.QuestionTests;
				PRODUCT_NAME = "$(TARGET_NAME)";
				SWIFT_VERSION = 5.0;
				TARGETED_DEVICE_FAMILY = "1,2";
				TEST_HOST = "$(BUILT_PRODUCTS_DIR)/Question.app/Question";
			};
			name = Debug;
		};
		B6F7304C25621A12009FA597 /* Release */ = {
			isa = XCBuildConfiguration;
			buildSettings = {
				ALWAYS_EMBED_SWIFT_STANDARD_LIBRARIES = YES;
				BUNDLE_LOADER = "$(TEST_HOST)";
				CODE_SIGN_STYLE = Automatic;
				DEVELOPMENT_TEAM = 8ER86CP2SB;
				INFOPLIST_FILE = QuestionTests/Info.plist;
				IPHONEOS_DEPLOYMENT_TARGET = 14.0;
				LD_RUNPATH_SEARCH_PATHS = (
					"$(inherited)",
					"@executable_path/Frameworks",
					"@loader_path/Frameworks",
				);
				PRODUCT_BUNDLE_IDENTIFIER = dev.hira22.sample.QuestionTests;
				PRODUCT_NAME = "$(TARGET_NAME)";
				SWIFT_VERSION = 5.0;
				TARGETED_DEVICE_FAMILY = "1,2";
				TEST_HOST = "$(BUILT_PRODUCTS_DIR)/Question.app/Question";
			};
			name = Release;
		};
		B6F7304E25621A12009FA597 /* Debug */ = {
			isa = XCBuildConfiguration;
			buildSettings = {
				ALWAYS_EMBED_SWIFT_STANDARD_LIBRARIES = YES;
				CODE_SIGN_STYLE = Automatic;
				DEVELOPMENT_TEAM = 8ER86CP2SB;
				INFOPLIST_FILE = QuestionUITests/Info.plist;
				LD_RUNPATH_SEARCH_PATHS = (
					"$(inherited)",
					"@executable_path/Frameworks",
					"@loader_path/Frameworks",
				);
				PRODUCT_BUNDLE_IDENTIFIER = dev.hira22.sample.QuestionUITests;
				PRODUCT_NAME = "$(TARGET_NAME)";
				SWIFT_VERSION = 5.0;
				TARGETED_DEVICE_FAMILY = "1,2";
				TEST_TARGET_NAME = Question;
			};
			name = Debug;
		};
		B6F7304F25621A12009FA597 /* Release */ = {
			isa = XCBuildConfiguration;
			buildSettings = {
				ALWAYS_EMBED_SWIFT_STANDARD_LIBRARIES = YES;
				CODE_SIGN_STYLE = Automatic;
				DEVELOPMENT_TEAM = 8ER86CP2SB;
				INFOPLIST_FILE = QuestionUITests/Info.plist;
				LD_RUNPATH_SEARCH_PATHS = (
					"$(inherited)",
					"@executable_path/Frameworks",
					"@loader_path/Frameworks",
				);
				PRODUCT_BUNDLE_IDENTIFIER = dev.hira22.sample.QuestionUITests;
				PRODUCT_NAME = "$(TARGET_NAME)";
				SWIFT_VERSION = 5.0;
				TARGETED_DEVICE_FAMILY = "1,2";
				TEST_TARGET_NAME = Question;
			};
			name = Release;
		};
/* End XCBuildConfiguration section */

/* Begin XCConfigurationList section */
		B6F7301D25621A11009FA597 /* Build configuration list for PBXProject "Question" */ = {
			isa = XCConfigurationList;
			buildConfigurations = (
				B6F7304525621A12009FA597 /* Debug */,
				B6F7304625621A12009FA597 /* Release */,
			);
			defaultConfigurationIsVisible = 0;
			defaultConfigurationName = Release;
		};
		B6F7304725621A12009FA597 /* Build configuration list for PBXNativeTarget "Question" */ = {
			isa = XCConfigurationList;
			buildConfigurations = (
				B6F7304825621A12009FA597 /* Debug */,
				B6F7304925621A12009FA597 /* Release */,
			);
			defaultConfigurationIsVisible = 0;
			defaultConfigurationName = Release;
		};
		B6F7304A25621A12009FA597 /* Build configuration list for PBXNativeTarget "QuestionTests" */ = {
			isa = XCConfigurationList;
			buildConfigurations = (
				B6F7304B25621A12009FA597 /* Debug */,
				B6F7304C25621A12009FA597 /* Release */,
			);
			defaultConfigurationIsVisible = 0;
			defaultConfigurationName = Release;
		};
		B6F7304D25621A12009FA597 /* Build configuration list for PBXNativeTarget "QuestionUITests" */ = {
			isa = XCConfigurationList;
			buildConfigurations = (
				B6F7304E25621A12009FA597 /* Debug */,
				B6F7304F25621A12009FA597 /* Release */,
			);
			defaultConfigurationIsVisible = 0;
			defaultConfigurationName = Release;
		};
/* End XCConfigurationList section */
	};
	rootObject = B6F7301A25621A11009FA597 /* Project object */;
}
